// !$*UTF8*$!
{
	archiveVersion = 1;
	classes = {
	};
	objectVersion = 50;
	objects = {

/* Begin PBXBuildFile section */
		CC1463D7282375640018D6BB /* Hash.swift in Sources */ = {isa = PBXBuildFile; fileRef = CC1463D6282375640018D6BB /* Hash.swift */; };
		CC177EF127BB66F400AEB661 /* IP.swift in Sources */ = {isa = PBXBuildFile; fileRef = CC177EF027BB66F400AEB661 /* IP.swift */; };
		CC30EF052837A19F00D33BFB /* Graph.swift in Sources */ = {isa = PBXBuildFile; fileRef = CC30EF042837A19F00D33BFB /* Graph.swift */; };
		CC317D262374384D0027B8D4 /* Tree.swift in Sources */ = {isa = PBXBuildFile; fileRef = CC317D252374384D0027B8D4 /* Tree.swift */; };
		CC3DE81727D9EA8D009E5FCE /* Pattern.swift in Sources */ = {isa = PBXBuildFile; fileRef = CC3DE81627D9EA8D009E5FCE /* Pattern.swift */; };
		CC3E44562469865600F0CA85 /* Stack.swift in Sources */ = {isa = PBXBuildFile; fileRef = CC3E44552469865500F0CA85 /* Stack.swift */; };
		CC3E4458246A556A00F0CA85 /* Recursion.swift in Sources */ = {isa = PBXBuildFile; fileRef = CC3E4457246A556A00F0CA85 /* Recursion.swift */; };
		CC49730424723A4700797988 /* Other.swift in Sources */ = {isa = PBXBuildFile; fileRef = CC49730324723A4700797988 /* Other.swift */; };
		CC73D9B1247BC55D00919BC8 /* AString.swift in Sources */ = {isa = PBXBuildFile; fileRef = CC73D9B0247BC55D00919BC8 /* AString.swift */; };
		CC73D9B3247CC07600919BC8 /* TrieTree.swift in Sources */ = {isa = PBXBuildFile; fileRef = CC73D9B2247CC07600919BC8 /* TrieTree.swift */; };
		CC8C131422F95B9900C484CD /* Queue.swift in Sources */ = {isa = PBXBuildFile; fileRef = CC8C131322F95B9900C484CD /* Queue.swift */; };
		CC8C131622FBD21900C484CD /* Sort.swift in Sources */ = {isa = PBXBuildFile; fileRef = CC8C131522FBD21900C484CD /* Sort.swift */; };
		CC9592462314B97200C34D9B /* Search.swift in Sources */ = {isa = PBXBuildFile; fileRef = CC9592452314B97200C34D9B /* Search.swift */; };
		CCA00A4922EE844E00822759 /* LinkedList.swift in Sources */ = {isa = PBXBuildFile; fileRef = CCA00A4822EE844E00822759 /* LinkedList.swift */; };
		CCA89052281BCBC00097FC77 /* BinarySearch.swift in Sources */ = {isa = PBXBuildFile; fileRef = CCA89051281BCBC00097FC77 /* BinarySearch.swift */; };
		CCBBB51321ECC5A400533FC2 /* main.swift in Sources */ = {isa = PBXBuildFile; fileRef = CCBBB51221ECC5A400533FC2 /* main.swift */; };
		CCD2A3A22484AA410088D296 /* DynamicProgramming.swift in Sources */ = {isa = PBXBuildFile; fileRef = CCD2A3A12484AA410088D296 /* DynamicProgramming.swift */; };
		CCD2A3A424879C990088D296 /* AArray.swift in Sources */ = {isa = PBXBuildFile; fileRef = CCD2A3A324879C990088D296 /* AArray.swift */; };
		CCD2A3A624893F870088D296 /* Bit.swift in Sources */ = {isa = PBXBuildFile; fileRef = CCD2A3A524893F870088D296 /* Bit.swift */; };
		CCE66DC628583194004A6BDA /* Skill.swift in Sources */ = {isa = PBXBuildFile; fileRef = CCE66DC528583194004A6BDA /* Skill.swift */; };
		CCE7A4C5240148A300DF70FC /* BackTracking.swift in Sources */ = {isa = PBXBuildFile; fileRef = CCE7A4C4240148A300DF70FC /* BackTracking.swift */; };
		CCE94E472394A66D00D5000C /* RecursionTree.swift in Sources */ = {isa = PBXBuildFile; fileRef = CCE94E462394A66D00D5000C /* RecursionTree.swift */; };
		CCE94E4923960D0400D5000C /* Heap.swift in Sources */ = {isa = PBXBuildFile; fileRef = CCE94E4823960D0400D5000C /* Heap.swift */; };
/* End PBXBuildFile section */

/* Begin PBXCopyFilesBuildPhase section */
		CCBBB50D21ECC5A400533FC2 /* CopyFiles */ = {
			isa = PBXCopyFilesBuildPhase;
			buildActionMask = 2147483647;
			dstPath = /usr/share/man/man1/;
			dstSubfolderSpec = 0;
			files = (
			);
			runOnlyForDeploymentPostprocessing = 1;
		};
/* End PBXCopyFilesBuildPhase section */

/* Begin PBXFileReference section */
		CC1463D6282375640018D6BB /* Hash.swift */ = {isa = PBXFileReference; lastKnownFileType = sourcecode.swift; path = Hash.swift; sourceTree = "<group>"; };
		CC177EF027BB66F400AEB661 /* IP.swift */ = {isa = PBXFileReference; lastKnownFileType = sourcecode.swift; path = IP.swift; sourceTree = "<group>"; };
		CC30EF042837A19F00D33BFB /* Graph.swift */ = {isa = PBXFileReference; lastKnownFileType = sourcecode.swift; path = Graph.swift; sourceTree = "<group>"; };
		CC317D252374384D0027B8D4 /* Tree.swift */ = {isa = PBXFileReference; lastKnownFileType = sourcecode.swift; path = Tree.swift; sourceTree = "<group>"; };
		CC3DE81627D9EA8D009E5FCE /* Pattern.swift */ = {isa = PBXFileReference; lastKnownFileType = sourcecode.swift; path = Pattern.swift; sourceTree = "<group>"; };
		CC3E44552469865500F0CA85 /* Stack.swift */ = {isa = PBXFileReference; lastKnownFileType = sourcecode.swift; path = Stack.swift; sourceTree = "<group>"; };
		CC3E4457246A556A00F0CA85 /* Recursion.swift */ = {isa = PBXFileReference; lastKnownFileType = sourcecode.swift; path = Recursion.swift; sourceTree = "<group>"; };
		CC49730324723A4700797988 /* Other.swift */ = {isa = PBXFileReference; lastKnownFileType = sourcecode.swift; path = Other.swift; sourceTree = "<group>"; };
		CC73D9B0247BC55D00919BC8 /* AString.swift */ = {isa = PBXFileReference; lastKnownFileType = sourcecode.swift; path = AString.swift; sourceTree = "<group>"; };
		CC73D9B2247CC07600919BC8 /* TrieTree.swift */ = {isa = PBXFileReference; lastKnownFileType = sourcecode.swift; path = TrieTree.swift; sourceTree = "<group>"; };
		CC8C131322F95B9900C484CD /* Queue.swift */ = {isa = PBXFileReference; lastKnownFileType = sourcecode.swift; path = Queue.swift; sourceTree = "<group>"; };
		CC8C131522FBD21900C484CD /* Sort.swift */ = {isa = PBXFileReference; lastKnownFileType = sourcecode.swift; path = Sort.swift; sourceTree = "<group>"; };
		CC9592452314B97200C34D9B /* Search.swift */ = {isa = PBXFileReference; lastKnownFileType = sourcecode.swift; path = Search.swift; sourceTree = "<group>"; };
		CCA00A4822EE844E00822759 /* LinkedList.swift */ = {isa = PBXFileReference; lastKnownFileType = sourcecode.swift; path = LinkedList.swift; sourceTree = "<group>"; };
		CCA89051281BCBC00097FC77 /* BinarySearch.swift */ = {isa = PBXFileReference; lastKnownFileType = sourcecode.swift; path = BinarySearch.swift; sourceTree = "<group>"; };
		CCBBB50F21ECC5A400533FC2 /* Algorithm-Swift */ = {isa = PBXFileReference; explicitFileType = "compiled.mach-o.executable"; includeInIndex = 0; path = "Algorithm-Swift"; sourceTree = BUILT_PRODUCTS_DIR; };
		CCBBB51221ECC5A400533FC2 /* main.swift */ = {isa = PBXFileReference; lastKnownFileType = sourcecode.swift; path = main.swift; sourceTree = "<group>"; };
		CCD2A3A12484AA410088D296 /* DynamicProgramming.swift */ = {isa = PBXFileReference; lastKnownFileType = sourcecode.swift; path = DynamicProgramming.swift; sourceTree = "<group>"; };
		CCD2A3A324879C990088D296 /* AArray.swift */ = {isa = PBXFileReference; lastKnownFileType = sourcecode.swift; path = AArray.swift; sourceTree = "<group>"; };
		CCD2A3A524893F870088D296 /* Bit.swift */ = {isa = PBXFileReference; lastKnownFileType = sourcecode.swift; path = Bit.swift; sourceTree = "<group>"; };
		CCE66DC528583194004A6BDA /* Skill.swift */ = {isa = PBXFileReference; lastKnownFileType = sourcecode.swift; path = Skill.swift; sourceTree = "<group>"; };
		CCE7A4C4240148A300DF70FC /* BackTracking.swift */ = {isa = PBXFileReference; lastKnownFileType = sourcecode.swift; path = BackTracking.swift; sourceTree = "<group>"; };
		CCE94E462394A66D00D5000C /* RecursionTree.swift */ = {isa = PBXFileReference; lastKnownFileType = sourcecode.swift; path = RecursionTree.swift; sourceTree = "<group>"; };
		CCE94E4823960D0400D5000C /* Heap.swift */ = {isa = PBXFileReference; lastKnownFileType = sourcecode.swift; path = Heap.swift; sourceTree = "<group>"; };
/* End PBXFileReference section */

/* Begin PBXFrameworksBuildPhase section */
		CCBBB50C21ECC5A400533FC2 /* Frameworks */ = {
			isa = PBXFrameworksBuildPhase;
			buildActionMask = 2147483647;
			files = (
			);
			runOnlyForDeploymentPostprocessing = 0;
		};
/* End PBXFrameworksBuildPhase section */

/* Begin PBXGroup section */
		CCBBB50621ECC5A400533FC2 = {
			isa = PBXGroup;
			children = (
				CCBBB51121ECC5A400533FC2 /* Algorithm-Swift */,
				CCBBB51021ECC5A400533FC2 /* Products */,
			);
			sourceTree = "<group>";
		};
		CCBBB51021ECC5A400533FC2 /* Products */ = {
			isa = PBXGroup;
			children = (
				CCBBB50F21ECC5A400533FC2 /* Algorithm-Swift */,
			);
			name = Products;
			sourceTree = "<group>";
		};
		CCBBB51121ECC5A400533FC2 /* Algorithm-Swift */ = {
			isa = PBXGroup;
			children = (
				CCBBB51221ECC5A400533FC2 /* main.swift */,
				CCA00A4822EE844E00822759 /* LinkedList.swift */,
				CC8C131322F95B9900C484CD /* Queue.swift */,
				CC8C131522FBD21900C484CD /* Sort.swift */,
				CC9592452314B97200C34D9B /* Search.swift */,
				CC317D252374384D0027B8D4 /* Tree.swift */,
				CCE94E462394A66D00D5000C /* RecursionTree.swift */,
				CCE94E4823960D0400D5000C /* Heap.swift */,
				CCE7A4C4240148A300DF70FC /* BackTracking.swift */,
				CC3E44552469865500F0CA85 /* Stack.swift */,
				CC3E4457246A556A00F0CA85 /* Recursion.swift */,
				CC49730324723A4700797988 /* Other.swift */,
				CC73D9B0247BC55D00919BC8 /* AString.swift */,
				CC73D9B2247CC07600919BC8 /* TrieTree.swift */,
				CCD2A3A12484AA410088D296 /* DynamicProgramming.swift */,
				CCD2A3A324879C990088D296 /* AArray.swift */,
				CCD2A3A524893F870088D296 /* Bit.swift */,
				CC177EF027BB66F400AEB661 /* IP.swift */,
				CC3DE81627D9EA8D009E5FCE /* Pattern.swift */,
				CCA89051281BCBC00097FC77 /* BinarySearch.swift */,
				CC1463D6282375640018D6BB /* Hash.swift */,
				CC30EF042837A19F00D33BFB /* Graph.swift */,
				CCE66DC528583194004A6BDA /* Skill.swift */,
			);
			path = "Algorithm-Swift";
			sourceTree = "<group>";
		};
/* End PBXGroup section */

/* Begin PBXNativeTarget section */
		CCBBB50E21ECC5A400533FC2 /* Algorithm-Swift */ = {
			isa = PBXNativeTarget;
			buildConfigurationList = CCBBB51621ECC5A400533FC2 /* Build configuration list for PBXNativeTarget "Algorithm-Swift" */;
			buildPhases = (
				CCBBB50B21ECC5A400533FC2 /* Sources */,
				CCBBB50C21ECC5A400533FC2 /* Frameworks */,
				CCBBB50D21ECC5A400533FC2 /* CopyFiles */,
			);
			buildRules = (
			);
			dependencies = (
			);
			name = "Algorithm-Swift";
			productName = "Algorithm-Swift";
			productReference = CCBBB50F21ECC5A400533FC2 /* Algorithm-Swift */;
			productType = "com.apple.product-type.tool";
		};
/* End PBXNativeTarget section */

/* Begin PBXProject section */
		CCBBB50721ECC5A400533FC2 /* Project object */ = {
			isa = PBXProject;
			attributes = {
				LastSwiftUpdateCheck = 1010;
				LastUpgradeCheck = 1010;
				ORGANIZATIONNAME = Songgeb;
				TargetAttributes = {
					CCBBB50E21ECC5A400533FC2 = {
						CreatedOnToolsVersion = 10.1;
					};
				};
			};
			buildConfigurationList = CCBBB50A21ECC5A400533FC2 /* Build configuration list for PBXProject "Algorithm-Swift" */;
			compatibilityVersion = "Xcode 9.3";
			developmentRegion = en;
			hasScannedForEncodings = 0;
			knownRegions = (
				en,
			);
			mainGroup = CCBBB50621ECC5A400533FC2;
			productRefGroup = CCBBB51021ECC5A400533FC2 /* Products */;
			projectDirPath = "";
			projectRoot = "";
			targets = (
				CCBBB50E21ECC5A400533FC2 /* Algorithm-Swift */,
			);
		};
/* End PBXProject section */

/* Begin PBXSourcesBuildPhase section */
		CCBBB50B21ECC5A400533FC2 /* Sources */ = {
			isa = PBXSourcesBuildPhase;
			buildActionMask = 2147483647;
			files = (
				CC49730424723A4700797988 /* Other.swift in Sources */,
				CC73D9B3247CC07600919BC8 /* TrieTree.swift in Sources */,
				CC177EF127BB66F400AEB661 /* IP.swift in Sources */,
				CC3DE81727D9EA8D009E5FCE /* Pattern.swift in Sources */,
				CCA89052281BCBC00097FC77 /* BinarySearch.swift in Sources */,
				CC9592462314B97200C34D9B /* Search.swift in Sources */,
				CCE94E472394A66D00D5000C /* RecursionTree.swift in Sources */,
				CCBBB51321ECC5A400533FC2 /* main.swift in Sources */,
				CCE7A4C5240148A300DF70FC /* BackTracking.swift in Sources */,
				CCE94E4923960D0400D5000C /* Heap.swift in Sources */,
				CCD2A3A624893F870088D296 /* Bit.swift in Sources */,
				CCD2A3A424879C990088D296 /* AArray.swift in Sources */,
				CCD2A3A22484AA410088D296 /* DynamicProgramming.swift in Sources */,
				CC1463D7282375640018D6BB /* Hash.swift in Sources */,
				CC3E4458246A556A00F0CA85 /* Recursion.swift in Sources */,
				CC8C131622FBD21900C484CD /* Sort.swift in Sources */,
				CC3E44562469865600F0CA85 /* Stack.swift in Sources */,
				CC317D262374384D0027B8D4 /* Tree.swift in Sources */,
				CC30EF052837A19F00D33BFB /* Graph.swift in Sources */,
				CCE66DC628583194004A6BDA /* Skill.swift in Sources */,
				CC73D9B1247BC55D00919BC8 /* AString.swift in Sources */,
				CC8C131422F95B9900C484CD /* Queue.swift in Sources */,
				CCA00A4922EE844E00822759 /* LinkedList.swift in Sources */,
			);
			runOnlyForDeploymentPostprocessing = 0;
		};
/* End PBXSourcesBuildPhase section */

/* Begin XCBuildConfiguration section */
		CCBBB51421ECC5A400533FC2 /* Debug */ = {
			isa = XCBuildConfiguration;
			buildSettings = {
				ALWAYS_SEARCH_USER_PATHS = NO;
				CLANG_ANALYZER_NONNULL = YES;
				CLANG_ANALYZER_NUMBER_OBJECT_CONVERSION = YES_AGGRESSIVE;
				CLANG_CXX_LANGUAGE_STANDARD = "gnu++14";
				CLANG_CXX_LIBRARY = "libc++";
				CLANG_ENABLE_MODULES = YES;
				CLANG_ENABLE_OBJC_ARC = YES;
				CLANG_ENABLE_OBJC_WEAK = YES;
				CLANG_WARN_BLOCK_CAPTURE_AUTORELEASING = YES;
				CLANG_WARN_BOOL_CONVERSION = YES;
				CLANG_WARN_COMMA = YES;
				CLANG_WARN_CONSTANT_CONVERSION = YES;
				CLANG_WARN_DEPRECATED_OBJC_IMPLEMENTATIONS = YES;
				CLANG_WARN_DIRECT_OBJC_ISA_USAGE = YES_ERROR;
				CLANG_WARN_DOCUMENTATION_COMMENTS = YES;
				CLANG_WARN_EMPTY_BODY = YES;
				CLANG_WARN_ENUM_CONVERSION = YES;
				CLANG_WARN_INFINITE_RECURSION = YES;
				CLANG_WARN_INT_CONVERSION = YES;
				CLANG_WARN_NON_LITERAL_NULL_CONVERSION = YES;
				CLANG_WARN_OBJC_IMPLICIT_RETAIN_SELF = YES;
				CLANG_WARN_OBJC_LITERAL_CONVERSION = YES;
				CLANG_WARN_OBJC_ROOT_CLASS = YES_ERROR;
				CLANG_WARN_RANGE_LOOP_ANALYSIS = YES;
				CLANG_WARN_STRICT_PROTOTYPES = YES;
				CLANG_WARN_SUSPICIOUS_MOVE = YES;
				CLANG_WARN_UNGUARDED_AVAILABILITY = YES_AGGRESSIVE;
				CLANG_WARN_UNREACHABLE_CODE = YES;
				CLANG_WARN__DUPLICATE_METHOD_MATCH = YES;
				CODE_SIGN_IDENTITY = "-";
				COPY_PHASE_STRIP = NO;
				DEBUG_INFORMATION_FORMAT = dwarf;
				ENABLE_STRICT_OBJC_MSGSEND = YES;
				ENABLE_TESTABILITY = YES;
				GCC_C_LANGUAGE_STANDARD = gnu11;
				GCC_DYNAMIC_NO_PIC = NO;
				GCC_NO_COMMON_BLOCKS = YES;
				GCC_OPTIMIZATION_LEVEL = 0;
				GCC_PREPROCESSOR_DEFINITIONS = (
					"DEBUG=1",
					"$(inherited)",
				);
				GCC_WARN_64_TO_32_BIT_CONVERSION = YES;
				GCC_WARN_ABOUT_RETURN_TYPE = YES_ERROR;
				GCC_WARN_UNDECLARED_SELECTOR = YES;
				GCC_WARN_UNINITIALIZED_AUTOS = YES_AGGRESSIVE;
				GCC_WARN_UNUSED_FUNCTION = YES;
				GCC_WARN_UNUSED_VARIABLE = YES;
				MACOSX_DEPLOYMENT_TARGET = 10.14;
				MTL_ENABLE_DEBUG_INFO = INCLUDE_SOURCE;
				MTL_FAST_MATH = YES;
				ONLY_ACTIVE_ARCH = YES;
				SDKROOT = macosx;
				SWIFT_ACTIVE_COMPILATION_CONDITIONS = DEBUG;
				SWIFT_OPTIMIZATION_LEVEL = "-Onone";
			};
			name = Debug;
		};
		CCBBB51521ECC5A400533FC2 /* Release */ = {
			isa = XCBuildConfiguration;
			buildSettings = {
				ALWAYS_SEARCH_USER_PATHS = NO;
				CLANG_ANALYZER_NONNULL = YES;
				CLANG_ANALYZER_NUMBER_OBJECT_CONVERSION = YES_AGGRESSIVE;
				CLANG_CXX_LANGUAGE_STANDARD = "gnu++14";
				CLANG_CXX_LIBRARY = "libc++";
				CLANG_ENABLE_MODULES = YES;
				CLANG_ENABLE_OBJC_ARC = YES;
				CLANG_ENABLE_OBJC_WEAK = YES;
				CLANG_WARN_BLOCK_CAPTURE_AUTORELEASING = YES;
				CLANG_WARN_BOOL_CONVERSION = YES;
				CLANG_WARN_COMMA = YES;
				CLANG_WARN_CONSTANT_CONVERSION = YES;
				CLANG_WARN_DEPRECATED_OBJC_IMPLEMENTATIONS = YES;
				CLANG_WARN_DIRECT_OBJC_ISA_USAGE = YES_ERROR;
				CLANG_WARN_DOCUMENTATION_COMMENTS = YES;
				CLANG_WARN_EMPTY_BODY = YES;
				CLANG_WARN_ENUM_CONVERSION = YES;
				CLANG_WARN_INFINITE_RECURSION = YES;
				CLANG_WARN_INT_CONVERSION = YES;
				CLANG_WARN_NON_LITERAL_NULL_CONVERSION = YES;
				CLANG_WARN_OBJC_IMPLICIT_RETAIN_SELF = YES;
				CLANG_WARN_OBJC_LITERAL_CONVERSION = YES;
				CLANG_WARN_OBJC_ROOT_CLASS = YES_ERROR;
				CLANG_WARN_RANGE_LOOP_ANALYSIS = YES;
				CLANG_WARN_STRICT_PROTOTYPES = YES;
				CLANG_WARN_SUSPICIOUS_MOVE = YES;
				CLANG_WARN_UNGUARDED_AVAILABILITY = YES_AGGRESSIVE;
				CLANG_WARN_UNREACHABLE_CODE = YES;
				CLANG_WARN__DUPLICATE_METHOD_MATCH = YES;
				CODE_SIGN_IDENTITY = "-";
				COPY_PHASE_STRIP = NO;
				DEBUG_INFORMATION_FORMAT = "dwarf-with-dsym";
				ENABLE_NS_ASSERTIONS = NO;
				ENABLE_STRICT_OBJC_MSGSEND = YES;
				GCC_C_LANGUAGE_STANDARD = gnu11;
				GCC_NO_COMMON_BLOCKS = YES;
				GCC_WARN_64_TO_32_BIT_CONVERSION = YES;
				GCC_WARN_ABOUT_RETURN_TYPE = YES_ERROR;
				GCC_WARN_UNDECLARED_SELECTOR = YES;
				GCC_WARN_UNINITIALIZED_AUTOS = YES_AGGRESSIVE;
				GCC_WARN_UNUSED_FUNCTION = YES;
				GCC_WARN_UNUSED_VARIABLE = YES;
				MACOSX_DEPLOYMENT_TARGET = 10.14;
				MTL_ENABLE_DEBUG_INFO = NO;
				MTL_FAST_MATH = YES;
				SDKROOT = macosx;
				SWIFT_COMPILATION_MODE = wholemodule;
				SWIFT_OPTIMIZATION_LEVEL = "-O";
			};
			name = Release;
		};
		CCBBB51721ECC5A400533FC2 /* Debug */ = {
			isa = XCBuildConfiguration;
			buildSettings = {
				CODE_SIGN_STYLE = Automatic;
				PRODUCT_NAME = "$(TARGET_NAME)";
				SWIFT_VERSION = 4.2;
			};
			name = Debug;
		};
		CCBBB51821ECC5A400533FC2 /* Release */ = {
			isa = XCBuildConfiguration;
			buildSettings = {
				CODE_SIGN_STYLE = Automatic;
				PRODUCT_NAME = "$(TARGET_NAME)";
				SWIFT_VERSION = 4.2;
			};
			name = Release;
		};
/* End XCBuildConfiguration section */

/* Begin XCConfigurationList section */
		CCBBB50A21ECC5A400533FC2 /* Build configuration list for PBXProject "Algorithm-Swift" */ = {
			isa = XCConfigurationList;
			buildConfigurations = (
				CCBBB51421ECC5A400533FC2 /* Debug */,
				CCBBB51521ECC5A400533FC2 /* Release */,
			);
			defaultConfigurationIsVisible = 0;
			defaultConfigurationName = Release;
		};
		CCBBB51621ECC5A400533FC2 /* Build configuration list for PBXNativeTarget "Algorithm-Swift" */ = {
			isa = XCConfigurationList;
			buildConfigurations = (
				CCBBB51721ECC5A400533FC2 /* Debug */,
				CCBBB51821ECC5A400533FC2 /* Release */,
			);
			defaultConfigurationIsVisible = 0;
			defaultConfigurationName = Release;
		};
/* End XCConfigurationList section */
	};
	rootObject = CCBBB50721ECC5A400533FC2 /* Project object */;
}
